{
    "_readme": [
        "This file locks the dependencies of your project to a known state",
        "Read more about it at https://getcomposer.org/doc/01-basic-usage.md#installing-dependencies",
        "This file is @generated automatically"
    ],
    "content-hash": "8d3ae8f963baeed41377fd945abdef0a",
    "packages": [
        {
            "name": "atomicsmash/compiler-helpers",
            "version": "v0.1.3",
            "source": {
                "type": "git",
                "url": "https://github.com/AtomicSmash/compiler-helpers.git",
                "reference": "0b70c1e84f8c32bf2d8b7bfb3d73ff96113fe73e"
            },
            "dist": {
                "type": "zip",
                "url": "https://api.github.com/repos/AtomicSmash/compiler-helpers/zipball/0b70c1e84f8c32bf2d8b7bfb3d73ff96113fe73e",
                "reference": "0b70c1e84f8c32bf2d8b7bfb3d73ff96113fe73e",
                "shasum": ""
            },
            "require-dev": {
                "atomicsmash/php-coding-standards": "^1.0"
            },
            "type": "library",
            "autoload": {
                "psr-4": {
                    "AtomicSmash\\CompilerHelpers\\": "classes/"
                }
            },
            "notification-url": "https://packagist.org/downloads/",
            "authors": [
                {
                    "name": "Atomic Smash",
                    "email": "mail@atomicsmash.co.uk",
                    "homepage": "https://www.atomicsmash.co.uk"
                }
            ],
            "support": {
                "issues": "https://github.com/AtomicSmash/compiler-helpers/issues",
                "source": "https://github.com/AtomicSmash/compiler-helpers/tree/v0.1.3"
            },
            "time": "2025-05-23T15:11:25+00:00"
        }
    ],
    "packages-dev": [],
    "aliases": [],
    "minimum-stability": "stable",
    "stability-flags": {},
    "prefer-stable": false,
    "prefer-lowest": false,
    "platform": {},
    "platform-dev": {},
    "plugin-api-version": "2.6.0"
}
